
Microsoft Visual Studio Solution File, Format Version 12.00
# Visual Studio Version 16
VisualStudioVersion = 16.0.31410.357
MinimumVisualStudioVersion = 10.0.40219.1
Project("{FAE04EC0-301F-11D3-BF4B-00C04F79EFBC}") = "azureFuctions.Common", "azureFuctions.Common\azureFuctions.Common.csproj", "{ABDC96F1-9FFA-4BC7-8523-A5557B64925D}"
EndProject
Project("{FAE04EC0-301F-11D3-BF4B-00C04F79EFBC}") = "azureFuctions.Fuctions", "azureFuctions.Fuctions\azureFuctions.Fuctions.csproj", "{293E893B-81DB-4D32-98DB-FD152EF86E2C}"
EndProject
Project("{FAE04EC0-301F-11D3-BF4B-00C04F79EFBC}") = "azureFuctions.Test", "azureFuctions.Test\azureFuctions.Test.csproj", "{D5D5D994-610B-4CD8-9011-CFB926AA5EA4}"
EndProject
Global
	GlobalSection(SolutionConfigurationPlatforms) = preSolution
		Debug|Any CPU = Debug|Any CPU
		Release|Any CPU = Release|Any CPU
	EndGlobalSection
	GlobalSection(ProjectConfigurationPlatforms) = postSolution
		{ABDC96F1-9FFA-4BC7-8523-A5557B64925D}.Debug|Any CPU.ActiveCfg = Debug|Any CPU
		{ABDC96F1-9FFA-4BC7-8523-A5557B64925D}.Debug|Any CPU.Build.0 = Debug|Any CPU
		{ABDC96F1-9FFA-4BC7-8523-A5557B64925D}.Release|Any CPU.ActiveCfg = Release|Any CPU
		{ABDC96F1-9FFA-4BC7-8523-A5557B64925D}.Release|Any CPU.Build.0 = Release|Any CPU
		{293E893B-81DB-4D32-98DB-FD152EF86E2C}.Debug|Any CPU.ActiveCfg = Debug|Any CPU
		{293E893B-81DB-4D32-98DB-FD152EF86E2C}.Debug|Any CPU.Build.0 = Debug|Any CPU
		{293E893B-81DB-4D32-98DB-FD152EF86E2C}.Release|Any CPU.ActiveCfg = Release|Any CPU
		{293E893B-81DB-4D32-98DB-FD152EF86E2C}.Release|Any CPU.Build.0 = Release|Any CPU
		{D5D5D994-610B-4CD8-9011-CFB926AA5EA4}.Debug|Any CPU.ActiveCfg = Debug|Any CPU
		{D5D5D994-610B-4CD8-9011-CFB926AA5EA4}.Debug|Any CPU.Build.0 = Debug|Any CPU
		{D5D5D994-610B-4CD8-9011-CFB926AA5EA4}.Release|Any CPU.ActiveCfg = Release|Any CPU
		{D5D5D994-610B-4CD8-9011-CFB926AA5EA4}.Release|Any CPU.Build.0 = Release|Any CPU
	EndGlobalSection
	GlobalSection(SolutionProperties) = preSolution
		HideSolutionNode = FALSE
	EndGlobalSection
	GlobalSection(ExtensibilityGlobals) = postSolution
		SolutionGuid = {3A3D5250-2260-4984-B5EB-1EA3E949B0CE}
	EndGlobalSection
EndGlobal
